
Microsoft Visual Studio Solution File, Format Version 12.00
# Visual Studio Version 17
VisualStudioVersion = 17.10.35013.160
MinimumVisualStudioVersion = 10.0.40219.1
Project("{FAE04EC0-301F-11D3-BF4B-00C04F79EFBC}") = "WebhookGail", "WebhookGail\WebhookGail.csproj", "{29D58734-2F4C-4F8A-AE2C-EC16E99860D5}"
EndProject
Global
	GlobalSection(SolutionConfigurationPlatforms) = preSolution
		Debug|Any CPU = Debug|Any CPU
		Release|Any CPU = Release|Any CPU
	EndGlobalSection
	GlobalSection(ProjectConfigurationPlatforms) = postSolution
		{29D58734-2F4C-4F8A-AE2C-EC16E99860D5}.Debug|Any CPU.ActiveCfg = Debug|Any CPU
		{29D58734-2F4C-4F8A-AE2C-EC16E99860D5}.Debug|Any CPU.Build.0 = Debug|Any CPU
		{29D58734-2F4C-4F8A-AE2C-EC16E99860D5}.Release|Any CPU.ActiveCfg = Release|Any CPU
		{29D58734-2F4C-4F8A-AE2C-EC16E99860D5}.Release|Any CPU.Build.0 = Release|Any CPU
	EndGlobalSection
	GlobalSection(SolutionProperties) = preSolution
		HideSolutionNode = FALSE
	EndGlobalSection
	GlobalSection(ExtensibilityGlobals) = postSolution
		SolutionGuid = {79C6B4A1-DD35-4496-9FC6-1B5E989F7985}
	EndGlobalSection
EndGlobal
